{
    "name": "testing-calls",
    "lockfileVersion": 3,
    "requires": true,
    "packages": {
        "": {
            "dependencies": {
                "@cloudflare/workers-types": "4.20240821.1"
            }
        },
        "node_modules/@cloudflare/workers-types": {
            "version": "4.20240821.1",
            "resolved": "https://registry.npmjs.org/@cloudflare/workers-types/-/workers-types-4.20240821.1.tgz",
            "integrity": "sha512-icAkbnAqgVl6ef9lgLTom8na+kj2RBw2ViPAQ586hbdj0xZcnrjK7P46Eu08OU9D/lNDgN2sKU/sxhe2iK/gIg=="
        }
    }
}
